
Microsoft Visual Studio Solution File, Format Version 12.00
# Visual Studio Version 17
VisualStudioVersion = 17.5.33530.505
MinimumVisualStudioVersion = 10.0.40219.1
Project("{FAE04EC0-301F-11D3-BF4B-00C04F79EFBC}") = "BusinessObject", "BusinessObject\BusinessObject.csproj", "{E4E7AC82-1958-46C7-902E-6D941FD669B6}"
EndProject
Project("{FAE04EC0-301F-11D3-BF4B-00C04F79EFBC}") = "DataAccess", "DataAccess\DataAccess.csproj", "{BE1FC809-7E9E-4A6A-B443-B353470B4292}"
EndProject
Project("{FAE04EC0-301F-11D3-BF4B-00C04F79EFBC}") = "Repositories", "Repositories\Repositories.csproj", "{23EAE2D0-0B34-4643-91D0-8B0BB903E557}"
EndProject
Project("{FAE04EC0-301F-11D3-BF4B-00C04F79EFBC}") = "WebAPI", "WebAPI\WebAPI.csproj", "{8D37EF3F-735F-4638-96D9-70A7C0899E89}"
EndProject
Global
	GlobalSection(SolutionConfigurationPlatforms) = preSolution
		Debug|Any CPU = Debug|Any CPU
		Release|Any CPU = Release|Any CPU
	EndGlobalSection
	GlobalSection(ProjectConfigurationPlatforms) = postSolution
		{E4E7AC82-1958-46C7-902E-6D941FD669B6}.Debug|Any CPU.ActiveCfg = Debug|Any CPU
		{E4E7AC82-1958-46C7-902E-6D941FD669B6}.Debug|Any CPU.Build.0 = Debug|Any CPU
		{E4E7AC82-1958-46C7-902E-6D941FD669B6}.Release|Any CPU.ActiveCfg = Release|Any CPU
		{E4E7AC82-1958-46C7-902E-6D941FD669B6}.Release|Any CPU.Build.0 = Release|Any CPU
		{BE1FC809-7E9E-4A6A-B443-B353470B4292}.Debug|Any CPU.ActiveCfg = Debug|Any CPU
		{BE1FC809-7E9E-4A6A-B443-B353470B4292}.Debug|Any CPU.Build.0 = Debug|Any CPU
		{BE1FC809-7E9E-4A6A-B443-B353470B4292}.Release|Any CPU.ActiveCfg = Release|Any CPU
		{BE1FC809-7E9E-4A6A-B443-B353470B4292}.Release|Any CPU.Build.0 = Release|Any CPU
		{23EAE2D0-0B34-4643-91D0-8B0BB903E557}.Debug|Any CPU.ActiveCfg = Debug|Any CPU
		{23EAE2D0-0B34-4643-91D0-8B0BB903E557}.Debug|Any CPU.Build.0 = Debug|Any CPU
		{23EAE2D0-0B34-4643-91D0-8B0BB903E557}.Release|Any CPU.ActiveCfg = Release|Any CPU
		{23EAE2D0-0B34-4643-91D0-8B0BB903E557}.Release|Any CPU.Build.0 = Release|Any CPU
		{8D37EF3F-735F-4638-96D9-70A7C0899E89}.Debug|Any CPU.ActiveCfg = Debug|Any CPU
		{8D37EF3F-735F-4638-96D9-70A7C0899E89}.Debug|Any CPU.Build.0 = Debug|Any CPU
		{8D37EF3F-735F-4638-96D9-70A7C0899E89}.Release|Any CPU.ActiveCfg = Release|Any CPU
		{8D37EF3F-735F-4638-96D9-70A7C0899E89}.Release|Any CPU.Build.0 = Release|Any CPU
	EndGlobalSection
	GlobalSection(SolutionProperties) = preSolution
		HideSolutionNode = FALSE
	EndGlobalSection
	GlobalSection(ExtensibilityGlobals) = postSolution
		SolutionGuid = {89144320-B4A2-46A4-AF52-60D4A71D2844}
	EndGlobalSection
EndGlobal
